
Microsoft Visual Studio Solution File, Format Version 12.00
# Visual Studio Version 16
VisualStudioVersion = 16.0.30523.141
MinimumVisualStudioVersion = 10.0.40219.1
Project("{8BC9CEB8-8B4A-11D0-8D11-00A0C91BC942}") = "textbook1", "textbook1\textbook1.vcxproj", "{77EF6FC1-1963-4376-AC2D-A87CF83A81F6}"
EndProject
Global
	GlobalSection(SolutionConfigurationPlatforms) = preSolution
		Debug|x64 = Debug|x64
		Debug|x86 = Debug|x86
		Release|x64 = Release|x64
		Release|x86 = Release|x86
	EndGlobalSection
	GlobalSection(ProjectConfigurationPlatforms) = postSolution
		{77EF6FC1-1963-4376-AC2D-A87CF83A81F6}.Debug|x64.ActiveCfg = Debug|x64
		{77EF6FC1-1963-4376-AC2D-A87CF83A81F6}.Debug|x64.Build.0 = Debug|x64
		{77EF6FC1-1963-4376-AC2D-A87CF83A81F6}.Debug|x86.ActiveCfg = Debug|Win32
		{77EF6FC1-1963-4376-AC2D-A87CF83A81F6}.Debug|x86.Build.0 = Debug|Win32
		{77EF6FC1-1963-4376-AC2D-A87CF83A81F6}.Release|x64.ActiveCfg = Release|x64
		{77EF6FC1-1963-4376-AC2D-A87CF83A81F6}.Release|x64.Build.0 = Release|x64
		{77EF6FC1-1963-4376-AC2D-A87CF83A81F6}.Release|x86.ActiveCfg = Release|Win32
		{77EF6FC1-1963-4376-AC2D-A87CF83A81F6}.Release|x86.Build.0 = Release|Win32
	EndGlobalSection
	GlobalSection(SolutionProperties) = preSolution
		HideSolutionNode = FALSE
	EndGlobalSection
	GlobalSection(ExtensibilityGlobals) = postSolution
		SolutionGuid = {57BF1E3F-FC3F-4084-8E28-4B8BD65878B0}
	EndGlobalSection
EndGlobal
